
Microsoft Visual Studio Solution File, Format Version 12.00
# Visual Studio Version 17
VisualStudioVersion = 17.6.33723.286
MinimumVisualStudioVersion = 10.0.40219.1
Project("{FAE04EC0-301F-11D3-BF4B-00C04F79EFBC}") = "IssueTrackerApi", "IssueTrackerApi\IssueTrackerApi.csproj", "{D217AC32-831A-4D1C-A63B-DF71E769688F}"
EndProject
Global
	GlobalSection(SolutionConfigurationPlatforms) = preSolution
		Debug|Any CPU = Debug|Any CPU
		Release|Any CPU = Release|Any CPU
	EndGlobalSection
	GlobalSection(ProjectConfigurationPlatforms) = postSolution
		{D217AC32-831A-4D1C-A63B-DF71E769688F}.Debug|Any CPU.ActiveCfg = Debug|Any CPU
		{D217AC32-831A-4D1C-A63B-DF71E769688F}.Debug|Any CPU.Build.0 = Debug|Any CPU
		{D217AC32-831A-4D1C-A63B-DF71E769688F}.Release|Any CPU.ActiveCfg = Release|Any CPU
		{D217AC32-831A-4D1C-A63B-DF71E769688F}.Release|Any CPU.Build.0 = Release|Any CPU
	EndGlobalSection
	GlobalSection(SolutionProperties) = preSolution
		HideSolutionNode = FALSE
	EndGlobalSection
	GlobalSection(ExtensibilityGlobals) = postSolution
		SolutionGuid = {9FB59F71-1CA8-4A37-8AC1-8BBC3A3FCE92}
	EndGlobalSection
EndGlobal
